// !$*UTF8*$!
{
	archiveVersion = 1;
	classes = {
	};
	objectVersion = 50;
	objects = {

/* Begin PBXBuildFile section */
		E0C6048623D849F40051DAC2 /* AppDelegate.swift in Sources */ = {isa = PBXBuildFile; fileRef = E0C6048523D849F40051DAC2 /* AppDelegate.swift */; };
		E0C6048823D849F40051DAC2 /* SceneDelegate.swift in Sources */ = {isa = PBXBuildFile; fileRef = E0C6048723D849F40051DAC2 /* SceneDelegate.swift */; };
		E0C6048A23D849F40051DAC2 /* ViewController.swift in Sources */ = {isa = PBXBuildFile; fileRef = E0C6048923D849F40051DAC2 /* ViewController.swift */; };
		E0C6048D23D849F40051DAC2 /* Main.storyboard in Resources */ = {isa = PBXBuildFile; fileRef = E0C6048B23D849F40051DAC2 /* Main.storyboard */; };
		E0C6049023D849F40051DAC2 /* NContacts.xcdatamodeld in Sources */ = {isa = PBXBuildFile; fileRef = E0C6048E23D849F40051DAC2 /* NContacts.xcdatamodeld */; };
		E0C6049223D849F60051DAC2 /* Assets.xcassets in Resources */ = {isa = PBXBuildFile; fileRef = E0C6049123D849F60051DAC2 /* Assets.xcassets */; };
		E0C6049523D849F60051DAC2 /* LaunchScreen.storyboard in Resources */ = {isa = PBXBuildFile; fileRef = E0C6049323D849F60051DAC2 /* LaunchScreen.storyboard */; };
/* End PBXBuildFile section */

/* Begin PBXFileReference section */
		E0C6048223D849F40051DAC2 /* NContacts.app */ = {isa = PBXFileReference; explicitFileType = wrapper.application; includeInIndex = 0; path = NContacts.app; sourceTree = BUILT_PRODUCTS_DIR; };
		E0C6048523D849F40051DAC2 /* AppDelegate.swift */ = {isa = PBXFileReference; lastKnownFileType = sourcecode.swift; path = AppDelegate.swift; sourceTree = "<group>"; };
		E0C6048723D849F40051DAC2 /* SceneDelegate.swift */ = {isa = PBXFileReference; lastKnownFileType = sourcecode.swift; path = SceneDelegate.swift; sourceTree = "<group>"; };
		E0C6048923D849F40051DAC2 /* ViewController.swift */ = {isa = PBXFileReference; lastKnownFileType = sourcecode.swift; path = ViewController.swift; sourceTree = "<group>"; };
		E0C6048C23D849F40051DAC2 /* Base */ = {isa = PBXFileReference; lastKnownFileType = file.storyboard; name = Base; path = Base.lproj/Main.storyboard; sourceTree = "<group>"; };
		E0C6048F23D849F40051DAC2 /* NContacts.xcdatamodel */ = {isa = PBXFileReference; lastKnownFileType = wrapper.xcdatamodel; path = NContacts.xcdatamodel; sourceTree = "<group>"; };
		E0C6049123D849F60051DAC2 /* Assets.xcassets */ = {isa = PBXFileReference; lastKnownFileType = folder.assetcatalog; path = Assets.xcassets; sourceTree = "<group>"; };
		E0C6049423D849F60051DAC2 /* Base */ = {isa = PBXFileReference; lastKnownFileType = file.storyboard; name = Base; path = Base.lproj/LaunchScreen.storyboard; sourceTree = "<group>"; };
		E0C6049623D849F60051DAC2 /* Info.plist */ = {isa = PBXFileReference; lastKnownFileType = text.plist.xml; path = Info.plist; sourceTree = "<group>"; };
/* End PBXFileReference section */

/* Begin PBXFrameworksBuildPhase section */
		E0C6047F23D849F40051DAC2 /* Frameworks */ = {
			isa = PBXFrameworksBuildPhase;
			buildActionMask = 2147483647;
			files = (
			);
			runOnlyForDeploymentPostprocessing = 0;
		};
/* End PBXFrameworksBuildPhase section */

/* Begin PBXGroup section */
		E0C6047923D849F40051DAC2 = {
			isa = PBXGroup;
			children = (
				E0C6048423D849F40051DAC2 /* NContacts */,
				E0C6048323D849F40051DAC2 /* Products */,
			);
			sourceTree = "<group>";
		};
		E0C6048323D849F40051DAC2 /* Products */ = {
			isa = PBXGroup;
			children = (
				E0C6048223D849F40051DAC2 /* NContacts.app */,
			);
			name = Products;
			sourceTree = "<group>";
		};
		E0C6048423D849F40051DAC2 /* NContacts */ = {
			isa = PBXGroup;
			children = (
				E0C6048523D849F40051DAC2 /* AppDelegate.swift */,
				E0C6048723D849F40051DAC2 /* SceneDelegate.swift */,
				E0C6048923D849F40051DAC2 /* ViewController.swift */,
				E0C6048B23D849F40051DAC2 /* Main.storyboard */,
				E0C6049123D849F60051DAC2 /* Assets.xcassets */,
				E0C6049323D849F60051DAC2 /* LaunchScreen.storyboard */,
				E0C6049623D849F60051DAC2 /* Info.plist */,
				E0C6048E23D849F40051DAC2 /* NContacts.xcdatamodeld */,
			);
			path = NContacts;
			sourceTree = "<group>";
		};
/* End PBXGroup section */

/* Begin PBXNativeTarget section */
		E0C6048123D849F40051DAC2 /* NContacts */ = {
			isa = PBXNativeTarget;
			buildConfigurationList = E0C6049923D849F60051DAC2 /* Build configuration list for PBXNativeTarget "NContacts" */;
			buildPhases = (
				E0C6047E23D849F40051DAC2 /* Sources */,
				E0C6047F23D849F40051DAC2 /* Frameworks */,
				E0C6048023D849F40051DAC2 /* Resources */,
			);
			buildRules = (
			);
			dependencies = (
			);
			name = NContacts;
			productName = NContacts;
			productReference = E0C6048223D849F40051DAC2 /* NContacts.app */;
			productType = "com.apple.product-type.application";
		};
/* End PBXNativeTarget section */

/* Begin PBXProject section */
		E0C6047A23D849F40051DAC2 /* Project object */ = {
			isa = PBXProject;
			attributes = {
				LastSwiftUpdateCheck = 1130;
				LastUpgradeCheck = 1130;
				ORGANIZATIONNAME = Nuclei;
				TargetAttributes = {
					E0C6048123D849F40051DAC2 = {
						CreatedOnToolsVersion = 11.3.1;
					};
				};
			};
			buildConfigurationList = E0C6047D23D849F40051DAC2 /* Build configuration list for PBXProject "NContacts" */;
			compatibilityVersion = "Xcode 9.3";
			developmentRegion = en;
			hasScannedForEncodings = 0;
			knownRegions = (
				en,
				Base,
			);
			mainGroup = E0C6047923D849F40051DAC2;
			productRefGroup = E0C6048323D849F40051DAC2 /* Products */;
			projectDirPath = "";
			projectRoot = "";
			targets = (
				E0C6048123D849F40051DAC2 /* NContacts */,
			);
		};
/* End PBXProject section */

/* Begin PBXResourcesBuildPhase section */
		E0C6048023D849F40051DAC2 /* Resources */ = {
			isa = PBXResourcesBuildPhase;
			buildActionMask = 2147483647;
			files = (
				E0C6049523D849F60051DAC2 /* LaunchScreen.storyboard in Resources */,
				E0C6049223D849F60051DAC2 /* Assets.xcassets in Resources */,
				E0C6048D23D849F40051DAC2 /* Main.storyboard in Resources */,
			);
			runOnlyForDeploymentPostprocessing = 0;
		};
/* End PBXResourcesBuildPhase section */

/* Begin PBXSourcesBuildPhase section */
		E0C6047E23D849F40051DAC2 /* Sources */ = {
			isa = PBXSourcesBuildPhase;
			buildActionMask = 2147483647;
			files = (
				E0C6048A23D849F40051DAC2 /* ViewController.swift in Sources */,
				E0C6048623D849F40051DAC2 /* AppDelegate.swift in Sources */,
				E0C6048823D849F40051DAC2 /* SceneDelegate.swift in Sources */,
				E0C6049023D849F40051DAC2 /* NContacts.xcdatamodeld in Sources */,
			);
			runOnlyForDeploymentPostprocessing = 0;
		};
/* End PBXSourcesBuildPhase section */

/* Begin PBXVariantGroup section */
		E0C6048B23D849F40051DAC2 /* Main.storyboard */ = {
			isa = PBXVariantGroup;
			children = (
				E0C6048C23D849F40051DAC2 /* Base */,
			);
			name = Main.storyboard;
			sourceTree = "<group>";
		};
		E0C6049323D849F60051DAC2 /* LaunchScreen.storyboard */ = {
			isa = PBXVariantGroup;
			children = (
				E0C6049423D849F60051DAC2 /* Base */,
			);
			name = LaunchScreen.storyboard;
			sourceTree = "<group>";
		};
/* End PBXVariantGroup section */

/* Begin XCBuildConfiguration section */
		E0C6049723D849F60051DAC2 /* Debug */ = {
			isa = XCBuildConfiguration;
			buildSettings = {
				ALWAYS_SEARCH_USER_PATHS = NO;
				CLANG_ANALYZER_NONNULL = YES;
				CLANG_ANALYZER_NUMBER_OBJECT_CONVERSION = YES_AGGRESSIVE;
				CLANG_CXX_LANGUAGE_STANDARD = "gnu++14";
				CLANG_CXX_LIBRARY = "libc++";
				CLANG_ENABLE_MODULES = YES;
				CLANG_ENABLE_OBJC_ARC = YES;
				CLANG_ENABLE_OBJC_WEAK = YES;
				CLANG_WARN_BLOCK_CAPTURE_AUTORELEASING = YES;
				CLANG_WARN_BOOL_CONVERSION = YES;
				CLANG_WARN_COMMA = YES;
				CLANG_WARN_CONSTANT_CONVERSION = YES;
				CLANG_WARN_DEPRECATED_OBJC_IMPLEMENTATIONS = YES;
				CLANG_WARN_DIRECT_OBJC_ISA_USAGE = YES_ERROR;
				CLANG_WARN_DOCUMENTATION_COMMENTS = YES;
				CLANG_WARN_EMPTY_BODY = YES;
				CLANG_WARN_ENUM_CONVERSION = YES;
				CLANG_WARN_INFINITE_RECURSION = YES;
				CLANG_WARN_INT_CONVERSION = YES;
				CLANG_WARN_NON_LITERAL_NULL_CONVERSION = YES;
				CLANG_WARN_OBJC_IMPLICIT_RETAIN_SELF = YES;
				CLANG_WARN_OBJC_LITERAL_CONVERSION = YES;
				CLANG_WARN_OBJC_ROOT_CLASS = YES_ERROR;
				CLANG_WARN_RANGE_LOOP_ANALYSIS = YES;
				CLANG_WARN_STRICT_PROTOTYPES = YES;
				CLANG_WARN_SUSPICIOUS_MOVE = YES;
				CLANG_WARN_UNGUARDED_AVAILABILITY = YES_AGGRESSIVE;
				CLANG_WARN_UNREACHABLE_CODE = YES;
				CLANG_WARN__DUPLICATE_METHOD_MATCH = YES;
				COPY_PHASE_STRIP = NO;
				DEBUG_INFORMATION_FORMAT = dwarf;
				ENABLE_STRICT_OBJC_MSGSEND = YES;
				ENABLE_TESTABILITY = YES;
				GCC_C_LANGUAGE_STANDARD = gnu11;
				GCC_DYNAMIC_NO_PIC = NO;
				GCC_NO_COMMON_BLOCKS = YES;
				GCC_OPTIMIZATION_LEVEL = 0;
				GCC_PREPROCESSOR_DEFINITIONS = (
					"DEBUG=1",
					"$(inherited)",
				);
				GCC_WARN_64_TO_32_BIT_CONVERSION = YES;
				GCC_WARN_ABOUT_RETURN_TYPE = YES_ERROR;
				GCC_WARN_UNDECLARED_SELECTOR = YES;
				GCC_WARN_UNINITIALIZED_AUTOS = YES_AGGRESSIVE;
				GCC_WARN_UNUSED_FUNCTION = YES;
				GCC_WARN_UNUSED_VARIABLE = YES;
				IPHONEOS_DEPLOYMENT_TARGET = 13.2;
				MTL_ENABLE_DEBUG_INFO = INCLUDE_SOURCE;
				MTL_FAST_MATH = YES;
				ONLY_ACTIVE_ARCH = YES;
				SDKROOT = iphoneos;
				SWIFT_ACTIVE_COMPILATION_CONDITIONS = DEBUG;
				SWIFT_OPTIMIZATION_LEVEL = "-Onone";
			};
			name = Debug;
		};
		E0C6049823D849F60051DAC2 /* Release */ = {
			isa = XCBuildConfiguration;
			buildSettings = {
				ALWAYS_SEARCH_USER_PATHS = NO;
				CLANG_ANALYZER_NONNULL = YES;
				CLANG_ANALYZER_NUMBER_OBJECT_CONVERSION = YES_AGGRESSIVE;
				CLANG_CXX_LANGUAGE_STANDARD = "gnu++14";
				CLANG_CXX_LIBRARY = "libc++";
				CLANG_ENABLE_MODULES = YES;
				CLANG_ENABLE_OBJC_ARC = YES;
				CLANG_ENABLE_OBJC_WEAK = YES;
				CLANG_WARN_BLOCK_CAPTURE_AUTORELEASING = YES;
				CLANG_WARN_BOOL_CONVERSION = YES;
				CLANG_WARN_COMMA = YES;
				CLANG_WARN_CONSTANT_CONVERSION = YES;
				CLANG_WARN_DEPRECATED_OBJC_IMPLEMENTATIONS = YES;
				CLANG_WARN_DIRECT_OBJC_ISA_USAGE = YES_ERROR;
				CLANG_WARN_DOCUMENTATION_COMMENTS = YES;
				CLANG_WARN_EMPTY_BODY = YES;
				CLANG_WARN_ENUM_CONVERSION = YES;
				CLANG_WARN_INFINITE_RECURSION = YES;
				CLANG_WARN_INT_CONVERSION = YES;
				CLANG_WARN_NON_LITERAL_NULL_CONVERSION = YES;
				CLANG_WARN_OBJC_IMPLICIT_RETAIN_SELF = YES;
				CLANG_WARN_OBJC_LITERAL_CONVERSION = YES;
				CLANG_WARN_OBJC_ROOT_CLASS = YES_ERROR;
				CLANG_WARN_RANGE_LOOP_ANALYSIS = YES;
				CLANG_WARN_STRICT_PROTOTYPES = YES;
				CLANG_WARN_SUSPICIOUS_MOVE = YES;
				CLANG_WARN_UNGUARDED_AVAILABILITY = YES_AGGRESSIVE;
				CLANG_WARN_UNREACHABLE_CODE = YES;
				CLANG_WARN__DUPLICATE_METHOD_MATCH = YES;
				COPY_PHASE_STRIP = NO;
				DEBUG_INFORMATION_FORMAT = "dwarf-with-dsym";
				ENABLE_NS_ASSERTIONS = NO;
				ENABLE_STRICT_OBJC_MSGSEND = YES;
				GCC_C_LANGUAGE_STANDARD = gnu11;
				GCC_NO_COMMON_BLOCKS = YES;
				GCC_WARN_64_TO_32_BIT_CONVERSION = YES;
				GCC_WARN_ABOUT_RETURN_TYPE = YES_ERROR;
				GCC_WARN_UNDECLARED_SELECTOR = YES;
				GCC_WARN_UNINITIALIZED_AUTOS = YES_AGGRESSIVE;
				GCC_WARN_UNUSED_FUNCTION = YES;
				GCC_WARN_UNUSED_VARIABLE = YES;
				IPHONEOS_DEPLOYMENT_TARGET = 13.2;
				MTL_ENABLE_DEBUG_INFO = NO;
				MTL_FAST_MATH = YES;
				SDKROOT = iphoneos;
				SWIFT_COMPILATION_MODE = wholemodule;
				SWIFT_OPTIMIZATION_LEVEL = "-O";
				VALIDATE_PRODUCT = YES;
			};
			name = Release;
		};
		E0C6049A23D849F60051DAC2 /* Debug */ = {
			isa = XCBuildConfiguration;
			buildSettings = {
				ASSETCATALOG_COMPILER_APPICON_NAME = AppIcon;
				CODE_SIGN_STYLE = Automatic;
				DEVELOPMENT_TEAM = J7HB8JGP3A;
				INFOPLIST_FILE = NContacts/Info.plist;
				LD_RUNPATH_SEARCH_PATHS = (
					"$(inherited)",
					"@executable_path/Frameworks",
				);
				PRODUCT_BUNDLE_IDENTIFIER = com.nuclei.NContacts;
				PRODUCT_NAME = "$(TARGET_NAME)";
				SWIFT_VERSION = 5.0;
				TARGETED_DEVICE_FAMILY = "1,2";
			};
			name = Debug;
		};
		E0C6049B23D849F60051DAC2 /* Release */ = {
			isa = XCBuildConfiguration;
			buildSettings = {
				ASSETCATALOG_COMPILER_APPICON_NAME = AppIcon;
				CODE_SIGN_STYLE = Automatic;
				DEVELOPMENT_TEAM = J7HB8JGP3A;
				INFOPLIST_FILE = NContacts/Info.plist;
				LD_RUNPATH_SEARCH_PATHS = (
					"$(inherited)",
					"@executable_path/Frameworks",
				);
				PRODUCT_BUNDLE_IDENTIFIER = com.nuclei.NContacts;
				PRODUCT_NAME = "$(TARGET_NAME)";
				SWIFT_VERSION = 5.0;
				TARGETED_DEVICE_FAMILY = "1,2";
			};
			name = Release;
		};
/* End XCBuildConfiguration section */

/* Begin XCConfigurationList section */
		E0C6047D23D849F40051DAC2 /* Build configuration list for PBXProject "NContacts" */ = {
			isa = XCConfigurationList;
			buildConfigurations = (
				E0C6049723D849F60051DAC2 /* Debug */,
				E0C6049823D849F60051DAC2 /* Release */,
			);
			defaultConfigurationIsVisible = 0;
			defaultConfigurationName = Release;
		};
		E0C6049923D849F60051DAC2 /* Build configuration list for PBXNativeTarget "NContacts" */ = {
			isa = XCConfigurationList;
			buildConfigurations = (
				E0C6049A23D849F60051DAC2 /* Debug */,
				E0C6049B23D849F60051DAC2 /* Release */,
			);
			defaultConfigurationIsVisible = 0;
			defaultConfigurationName = Release;
		};
/* End XCConfigurationList section */

/* Begin XCVersionGroup section */
		E0C6048E23D849F40051DAC2 /* NContacts.xcdatamodeld */ = {
			isa = XCVersionGroup;
			children = (
				E0C6048F23D849F40051DAC2 /* NContacts.xcdatamodel */,
			);
			currentVersion = E0C6048F23D849F40051DAC2 /* NContacts.xcdatamodel */;
			path = NContacts.xcdatamodeld;
			sourceTree = "<group>";
			versionGroupType = wrapper.xcdatamodel;
		};
/* End XCVersionGroup section */
	};
	rootObject = E0C6047A23D849F40051DAC2 /* Project object */;
}
